
Microsoft Visual Studio Solution File, Format Version 12.00
# Visual Studio Version 17
VisualStudioVersion = 17.0.31903.59
MinimumVisualStudioVersion = 10.0.40219.1
Project("{FAE04EC0-301F-11D3-BF4B-00C04F79EFBC}") = "GameStore-API", "GameStore-API.csproj", "{635EFAFF-1C16-442B-9B4B-F89FD503B776}"
EndProject
Project("{FAE04EC0-301F-11D3-BF4B-00C04F79EFBC}") = "GameStore-Client", "..\GameStore-Client\GameStore-Client.csproj", "{6B763F6F-5EF5-44FC-BD62-812FDAA9E55E}"
EndProject
Global
	GlobalSection(SolutionConfigurationPlatforms) = preSolution
		Debug|Any CPU = Debug|Any CPU
		Release|Any CPU = Release|Any CPU
	EndGlobalSection
	GlobalSection(SolutionProperties) = preSolution
		HideSolutionNode = FALSE
	EndGlobalSection
	GlobalSection(ProjectConfigurationPlatforms) = postSolution
		{635EFAFF-1C16-442B-9B4B-F89FD503B776}.Debug|Any CPU.ActiveCfg = Debug|Any CPU
		{635EFAFF-1C16-442B-9B4B-F89FD503B776}.Debug|Any CPU.Build.0 = Debug|Any CPU
		{635EFAFF-1C16-442B-9B4B-F89FD503B776}.Release|Any CPU.ActiveCfg = Release|Any CPU
		{635EFAFF-1C16-442B-9B4B-F89FD503B776}.Release|Any CPU.Build.0 = Release|Any CPU
		{6B763F6F-5EF5-44FC-BD62-812FDAA9E55E}.Debug|Any CPU.ActiveCfg = Debug|Any CPU
		{6B763F6F-5EF5-44FC-BD62-812FDAA9E55E}.Debug|Any CPU.Build.0 = Debug|Any CPU
		{6B763F6F-5EF5-44FC-BD62-812FDAA9E55E}.Release|Any CPU.ActiveCfg = Release|Any CPU
		{6B763F6F-5EF5-44FC-BD62-812FDAA9E55E}.Release|Any CPU.Build.0 = Release|Any CPU
	EndGlobalSection
	GlobalSection(NestedProjects) = preSolution
		{635EFAFF-1C16-442B-9B4B-F89FD503B776} = {48992EE7-E89C-4841-BBF2-2DC1DEFA523C}
	EndGlobalSection
EndGlobal
